
Microsoft Visual Studio Solution File, Format Version 12.00
# Visual Studio 2012
Project("{FAE04EC0-301F-11D3-BF4B-00C04F79EFBC}") = "SAPS", "SAPS\SAPS.csproj", "{DFA8A6BD-AB30-4A71-8F94-E1DA6FCEC004}"
EndProject
Global
	GlobalSection(SolutionConfigurationPlatforms) = preSolution
		Debug|Any CPU = Debug|Any CPU
		Release|Any CPU = Release|Any CPU
	EndGlobalSection
	GlobalSection(ProjectConfigurationPlatforms) = postSolution
		{DFA8A6BD-AB30-4A71-8F94-E1DA6FCEC004}.Debug|Any CPU.ActiveCfg = Debug|Any CPU
		{DFA8A6BD-AB30-4A71-8F94-E1DA6FCEC004}.Debug|Any CPU.Build.0 = Debug|Any CPU
		{DFA8A6BD-AB30-4A71-8F94-E1DA6FCEC004}.Release|Any CPU.ActiveCfg = Release|Any CPU
		{DFA8A6BD-AB30-4A71-8F94-E1DA6FCEC004}.Release|Any CPU.Build.0 = Release|Any CPU
	EndGlobalSection
	GlobalSection(SolutionProperties) = preSolution
		HideSolutionNode = FALSE
	EndGlobalSection
EndGlobal
